
Microsoft Visual Studio Solution File, Format Version 12.00
# Visual Studio Version 17
VisualStudioVersion = 17.0.31710.8
MinimumVisualStudioVersion = 10.0.40219.1
Project("{FAE04EC0-301F-11D3-BF4B-00C04F79EFBC}") = "MainPro", "MainPro\MainPro.csproj", "{624AB7AF-9F36-4198-B126-09DA12EC3DE2}"
EndProject
Project("{FAE04EC0-301F-11D3-BF4B-00C04F79EFBC}") = "Hackerme.DB", "Hackerme.DB\Hackerme.DB.csproj", "{780765CF-F88E-4450-A034-FF6BEE36F691}"
EndProject
Global
	GlobalSection(SolutionConfigurationPlatforms) = preSolution
		Debug|Any CPU = Debug|Any CPU
		Release|Any CPU = Release|Any CPU
	EndGlobalSection
	GlobalSection(ProjectConfigurationPlatforms) = postSolution
		{624AB7AF-9F36-4198-B126-09DA12EC3DE2}.Debug|Any CPU.ActiveCfg = Debug|Any CPU
		{624AB7AF-9F36-4198-B126-09DA12EC3DE2}.Debug|Any CPU.Build.0 = Debug|Any CPU
		{624AB7AF-9F36-4198-B126-09DA12EC3DE2}.Release|Any CPU.ActiveCfg = Release|Any CPU
		{624AB7AF-9F36-4198-B126-09DA12EC3DE2}.Release|Any CPU.Build.0 = Release|Any CPU
		{780765CF-F88E-4450-A034-FF6BEE36F691}.Debug|Any CPU.ActiveCfg = Debug|Any CPU
		{780765CF-F88E-4450-A034-FF6BEE36F691}.Debug|Any CPU.Build.0 = Debug|Any CPU
		{780765CF-F88E-4450-A034-FF6BEE36F691}.Release|Any CPU.ActiveCfg = Release|Any CPU
		{780765CF-F88E-4450-A034-FF6BEE36F691}.Release|Any CPU.Build.0 = Release|Any CPU
	EndGlobalSection
	GlobalSection(SolutionProperties) = preSolution
		HideSolutionNode = FALSE
	EndGlobalSection
	GlobalSection(ExtensibilityGlobals) = postSolution
		SolutionGuid = {6203ADCA-D707-496F-AF40-51CA36D6768C}
	EndGlobalSection
EndGlobal
